version = 1
requires-python = ">=3.13"

[[package]]
name = "grpcio"
version = "1.68.0"
source = { registry = "https://pypi.org/simple" }
sdist = { url = "https://files.pythonhosted.org/packages/d5/da/132615afbfc722df4bba963844843a205aa298fd5f9a03fa2995e8dddf11/grpcio-1.68.0.tar.gz", hash = "sha256:7e7483d39b4a4fddb9906671e9ea21aaad4f031cdfc349fec76bdfa1e404543a", size = 12682655 }
wheels = [
    { url = "https://files.pythonhosted.org/packages/fb/2d/d9cbdb75dc99141705f08474e97b181034c2e53a345d94b58e3c55f4dd92/grpcio-1.68.0-cp313-cp313-linux_armv7l.whl", hash = "sha256:fc05759ffbd7875e0ff2bd877be1438dfe97c9312bbc558c8284a9afa1d0f40e", size = 5149697 },
    { url = "https://files.pythonhosted.org/packages/6f/37/a848871a5adba8cd571fa89e8aabc40ca0c475bd78b2e645e1649b20e095/grpcio-1.68.0-cp313-cp313-macosx_10_13_universal2.whl", hash = "sha256:15fa1fe25d365a13bc6d52fcac0e3ee1f9baebdde2c9b3b2425f8a4979fccea1", size = 11084394 },
    { url = "https://files.pythonhosted.org/packages/1f/52/b09374aab9c9c2f66627ce7de39eef41d73670aa0f75286d91dcc22a2dd8/grpcio-1.68.0-cp313-cp313-manylinux_2_17_aarch64.whl", hash = "sha256:32a9cb4686eb2e89d97022ecb9e1606d132f85c444354c17a7dbde4a455e4a3b", size = 5645417 },
    { url = "https://files.pythonhosted.org/packages/01/78/ec5ad7c44d7adaf0b932fd41ce8c59a95177a8c79c947c77204600b652db/grpcio-1.68.0-cp313-cp313-manylinux_2_17_i686.manylinux2014_i686.whl", hash = "sha256:dba037ff8d284c8e7ea9a510c8ae0f5b016004f13c3648f72411c464b67ff2fb", size = 6291062 },
    { url = "https://files.pythonhosted.org/packages/f7/7f/7f5a1a8dc63a42b78ca930d195eb0c97aa7a09e8553bb3a07b7cf37f6bc1/grpcio-1.68.0-cp313-cp313-manylinux_2_17_x86_64.manylinux2014_x86_64.whl", hash = "sha256:0efbbd849867e0e569af09e165363ade75cf84f5229b2698d53cf22c7a4f9e21", size = 5906505 },
    { url = "https://files.pythonhosted.org/packages/41/7b/0b048b8ad1a09fab5f4567fba2a569fb9106c4c1bb473c009c25659542cb/grpcio-1.68.0-cp313-cp313-musllinux_1_1_i686.whl", hash = "sha256:4e300e6978df0b65cc2d100c54e097c10dfc7018b9bd890bbbf08022d47f766d", size = 6635069 },
    { url = "https://files.pythonhosted.org/packages/5e/c5/9f0ebc9cfba8309a15a9786c953ce99eaf4e1ca2df402b3c5ecf42493bd4/grpcio-1.68.0-cp313-cp313-musllinux_1_1_x86_64.whl", hash = "sha256:6f9c7ad1a23e1047f827385f4713b5b8c6c7d325705be1dd3e31fb00dcb2f665", size = 6200683 },
    { url = "https://files.pythonhosted.org/packages/ce/e1/d3eba05299d5acdae6c11d056308b885f1d1be0b328baa8233d5d139ec1d/grpcio-1.68.0-cp313-cp313-win32.whl", hash = "sha256:3ac7f10850fd0487fcce169c3c55509101c3bde2a3b454869639df2176b60a03", size = 3637301 },
    { url = "https://files.pythonhosted.org/packages/3c/c1/decb2b368a54c00a6ee815c3f610903f36432e3cb591d43369319826b05e/grpcio-1.68.0-cp313-cp313-win_amd64.whl", hash = "sha256:afbf45a62ba85a720491bfe9b2642f8761ff348006f5ef67e4622621f116b04a", size = 4390939 },
]

[[package]]
name = "minekube-gate-grpc-python"
version = "1.68.0.1.20241118150055+50fffb007499"
source = { registry = "https://buf.build/gen/python" }
dependencies = [
    { name = "grpcio" },
    { name = "minekube-gate-protocolbuffers-python" },
]
wheels = [
    { url = "https://buf.build/gen/python/minekube-gate-grpc-python/minekube_gate_grpc_python-1.68.0.1.20241118150055+50fffb007499-py3-none-any.whl" },
]

[[package]]
name = "minekube-gate-protocolbuffers-pyi"
version = "28.3.0.2.20241118150055+50fffb007499"
source = { registry = "https://buf.build/gen/python" }
dependencies = [
    { name = "protobuf" },
    { name = "types-protobuf" },
]
wheels = [
    { url = "https://buf.build/gen/python/minekube-gate-protocolbuffers-pyi/minekube_gate_protocolbuffers_pyi-28.3.0.2.20241118150055+50fffb007499-py3-none-any.whl" },
]

[[package]]
name = "minekube-gate-protocolbuffers-python"
version = "28.3.0.2.20241118150055+50fffb007499"
source = { registry = "https://buf.build/gen/python" }
dependencies = [
    { name = "minekube-gate-protocolbuffers-pyi" },
    { name = "protobuf" },
]
wheels = [
    { url = "https://buf.build/gen/python/minekube-gate-protocolbuffers-python/minekube_gate_protocolbuffers_python-28.3.0.2.20241118150055+50fffb007499-py3-none-any.whl" },
]

[[package]]
name = "protobuf"
version = "5.28.3"
source = { registry = "https://pypi.org/simple" }
sdist = { url = "https://files.pythonhosted.org/packages/74/6e/e69eb906fddcb38f8530a12f4b410699972ab7ced4e21524ece9d546ac27/protobuf-5.28.3.tar.gz", hash = "sha256:64badbc49180a5e401f373f9ce7ab1d18b63f7dd4a9cdc43c92b9f0b481cef7b", size = 422479 }
wheels = [
    { url = "https://files.pythonhosted.org/packages/d1/c5/05163fad52d7c43e124a545f1372d18266db36036377ad29de4271134a6a/protobuf-5.28.3-cp310-abi3-win32.whl", hash = "sha256:0c4eec6f987338617072592b97943fdbe30d019c56126493111cf24344c1cc24", size = 419624 },
    { url = "https://files.pythonhosted.org/packages/9c/4c/4563ebe001ff30dca9d7ed12e471fa098d9759712980cde1fd03a3a44fb7/protobuf-5.28.3-cp310-abi3-win_amd64.whl", hash = "sha256:91fba8f445723fcf400fdbe9ca796b19d3b1242cd873907979b9ed71e4afe868", size = 431464 },
    { url = "https://files.pythonhosted.org/packages/1c/f2/baf397f3dd1d3e4af7e3f5a0382b868d25ac068eefe1ebde05132333436c/protobuf-5.28.3-cp38-abi3-macosx_10_9_universal2.whl", hash = "sha256:a3f6857551e53ce35e60b403b8a27b0295f7d6eb63d10484f12bc6879c715687", size = 414743 },
    { url = "https://files.pythonhosted.org/packages/85/50/cd61a358ba1601f40e7d38bcfba22e053f40ef2c50d55b55926aecc8fec7/protobuf-5.28.3-cp38-abi3-manylinux2014_aarch64.whl", hash = "sha256:3fa2de6b8b29d12c61911505d893afe7320ce7ccba4df913e2971461fa36d584", size = 316511 },
    { url = "https://files.pythonhosted.org/packages/5d/ae/3257b09328c0b4e59535e497b0c7537d4954038bdd53a2f0d2f49d15a7c4/protobuf-5.28.3-cp38-abi3-manylinux2014_x86_64.whl", hash = "sha256:712319fbdddb46f21abb66cd33cb9e491a5763b2febd8f228251add221981135", size = 316624 },
    { url = "https://files.pythonhosted.org/packages/ad/c3/2377c159e28ea89a91cf1ca223f827ae8deccb2c9c401e5ca233cd73002f/protobuf-5.28.3-py3-none-any.whl", hash = "sha256:cee1757663fa32a1ee673434fcf3bf24dd54763c79690201208bafec62f19eed", size = 169511 },
]

[[package]]
name = "python"
version = "0.1.0"
source = { virtual = "." }
dependencies = [
    { name = "minekube-gate-grpc-python" },
    { name = "minekube-gate-protocolbuffers-python" },
]

[package.metadata]
requires-dist = [
    { name = "minekube-gate-grpc-python", specifier = ">=1.68.0.1.20241118150055" },
    { name = "minekube-gate-protocolbuffers-python", specifier = ">=28.3.0.2.20241118150055" },
]

[[package]]
name = "types-protobuf"
version = "5.28.3.20241030"
source = { registry = "https://pypi.org/simple" }
sdist = { url = "https://files.pythonhosted.org/packages/c8/d4/d186e43cfb38ecefc91315ee9193d5722a88d7a3c8eac34a3ed603377407/types-protobuf-5.28.3.20241030.tar.gz", hash = "sha256:f7e6b45845d75393fb41c0b3ce82c46d775f9771fae2097414a1dbfe5b51a988", size = 54665 }
wheels = [
    { url = "https://files.pythonhosted.org/packages/72/da/c261bb44799d3f4455fc881ca342c14f5b5b23878bef568a1cdcd324e62f/types_protobuf-5.28.3.20241030-py3-none-any.whl", hash = "sha256:f3dae16adf342d4fb5bb3673cabb22549a6252e5dd66fc52d8310b1a39c64ba9", size = 68781 },
]
