lockfileVersion: '9.0'

settings:
  autoInstallPeers: true
  excludeLinksFromLockfile: false

importers:

  .:
    dependencies:
      '@buf/minekube_gate.connectrpc_es':
        specifier: ^1.6.1-20241118150055-50fffb007499.1
        version: 1.6.1-20241118150055-50fffb007499.1(@bufbuild/protobuf@1.10.0)(@connectrpc/connect@1.6.1(@bufbuild/protobuf@1.10.0))
      '@bufbuild/buf':
        specifier: ^1.47.2
        version: 1.49.0
      '@bufbuild/protobuf':
        specifier: ^1.0.0
        version: 1.10.0
      '@connectrpc/connect':
        specifier: ^1.0.0
        version: 1.6.1(@bufbuild/protobuf@1.10.0)
      '@connectrpc/connect-web':
        specifier: ^1.6.1
        version: 1.6.1(@bufbuild/protobuf@1.10.0)(@connectrpc/connect@1.6.1(@bufbuild/protobuf@1.10.0))
      typescript:
        specifier: ^5.0.0
        version: 5.6.3

packages:

  '@buf/minekube_gate.bufbuild_es@1.10.0-20241118150055-50fffb007499.1':
    resolution: {tarball: https://buf.build/gen/npm/v1/@buf/minekube_gate.bufbuild_es/-/minekube_gate.bufbuild_es-1.10.0-20241118150055-50fffb007499.1.tgz}
    peerDependencies:
      '@bufbuild/protobuf': ^1.10.0

  '@buf/minekube_gate.connectrpc_es@1.6.1-20241118150055-50fffb007499.1':
    resolution: {tarball: https://buf.build/gen/npm/v1/@buf/minekube_gate.connectrpc_es/-/minekube_gate.connectrpc_es-1.6.1-20241118150055-50fffb007499.1.tgz}
    peerDependencies:
      '@connectrpc/connect': ^1.6.1

  '@bufbuild/buf-darwin-arm64@1.49.0':
    resolution: {integrity: sha512-goZWfNOxFNiGy/B1ZUAvq/si73g8PpJ2GudX+VEb0GN8UjYHGn8zMpd98V/J75W52y8AYx8FsDvnIDNy2S/TUQ==}
    engines: {node: '>=12'}
    cpu: [arm64]
    os: [darwin]

  '@bufbuild/buf-darwin-x64@1.49.0':
    resolution: {integrity: sha512-lKd5hoCYEiTG+wh1pIICE6oIJa5Rv1NCU0Xek+71KU+s+PiM2dC7AuRskWU5QhRZdUn0y4cgnhi7TwzqUEEB4Q==}
    engines: {node: '>=12'}
    cpu: [x64]
    os: [darwin]

  '@bufbuild/buf-linux-aarch64@1.49.0':
    resolution: {integrity: sha512-cgKRXlQG+TJMjaHEJusv53J/bQGQIm8Z4ahhS9zcHbnOXNH5Q5xDt3vMp4fOY0XB2opIfHrAG64CMEmilweLew==}
    engines: {node: '>=12'}
    cpu: [arm64]
    os: [linux]

  '@bufbuild/buf-linux-armv7@1.49.0':
    resolution: {integrity: sha512-KA7SzGXA1s6IP7A7lLNRvShOzpv4lIjI8rKRs0TotsuhBfyE2YjrybJ165ChZ9ZiSco51jdGnG3rOfNIfbgtEA==}
    engines: {node: '>=12'}
    cpu: [arm]
    os: [linux]

  '@bufbuild/buf-linux-x64@1.49.0':
    resolution: {integrity: sha512-r0lc6WfBs6Gl+qxmlecbFjYeW3ZESOPPOruuIsx7Yh4emRHTNKZcQE//ds9nDBHcJqCrfWYqqiKToGm/vR1znA==}
    engines: {node: '>=12'}
    cpu: [x64]
    os: [linux]

  '@bufbuild/buf-win32-arm64@1.49.0':
    resolution: {integrity: sha512-x3mP2bqMamy90dsJn1JVkI2SQklsiQf8gCaVnH1CytfQJ36vbJQxKsLSObC/ozm++GnuJBF79fZdV1EcwI11uw==}
    engines: {node: '>=12'}
    cpu: [arm64]
    os: [win32]

  '@bufbuild/buf-win32-x64@1.49.0':
    resolution: {integrity: sha512-/L3/9rWOP57iaXG63FCxv6w4o8siJBeM89KTyBbaw2kmzKsasfYFszd31ZEB+z69YCk+dFzBDqeL8djZ5qaTdQ==}
    engines: {node: '>=12'}
    cpu: [x64]
    os: [win32]

  '@bufbuild/buf@1.49.0':
    resolution: {integrity: sha512-1rF/I6xQmqdLe6hC23ZtLnvvYf8JNnJX6E51npbp9J+ODpU5fJFvNkixU7luDucZdU3/GwEWl73VTrAtNyJggw==}
    engines: {node: '>=12'}
    hasBin: true

  '@bufbuild/protobuf@1.10.0':
    resolution: {integrity: sha512-QDdVFLoN93Zjg36NoQPZfsVH9tZew7wKDKyV5qRdj8ntT4wQCOradQjRaTdwMhWUYsgKsvCINKKm87FdEk96Ag==}

  '@connectrpc/connect-web@1.6.1':
    resolution: {integrity: sha512-GVfxQOmt3TtgTaKeXLS/EA2IHa3nHxwe2BCHT7X0Q/0hohM+nP5DDnIItGEjGrGdt3LTTqWqE4s70N4h+qIMlQ==}
    peerDependencies:
      '@bufbuild/protobuf': ^1.10.0
      '@connectrpc/connect': 1.6.1

  '@connectrpc/connect@1.6.1':
    resolution: {integrity: sha512-KchMDNtU4CDTdkyf0qG7ugJ6qHTOR/aI7XebYn3OTCNagaDYWiZUVKgRgwH79yeMkpNgvEUaXSK7wKjaBK9b/Q==}
    peerDependencies:
      '@bufbuild/protobuf': ^1.10.0

  typescript@5.6.3:
    resolution: {integrity: sha512-hjcS1mhfuyi4WW8IWtjP7brDrG2cuDZukyrYrSauoXGNgx0S7zceP07adYkJycEr56BOUTNPzbInooiN3fn1qw==}
    engines: {node: '>=14.17'}
    hasBin: true

snapshots:

  '@buf/minekube_gate.bufbuild_es@1.10.0-20241118150055-50fffb007499.1(@bufbuild/protobuf@1.10.0)':
    dependencies:
      '@bufbuild/protobuf': 1.10.0

  '@buf/minekube_gate.connectrpc_es@1.6.1-20241118150055-50fffb007499.1(@bufbuild/protobuf@1.10.0)(@connectrpc/connect@1.6.1(@bufbuild/protobuf@1.10.0))':
    dependencies:
      '@buf/minekube_gate.bufbuild_es': 1.10.0-20241118150055-50fffb007499.1(@bufbuild/protobuf@1.10.0)
      '@connectrpc/connect': 1.6.1(@bufbuild/protobuf@1.10.0)
    transitivePeerDependencies:
      - '@bufbuild/protobuf'

  '@bufbuild/buf-darwin-arm64@1.49.0':
    optional: true

  '@bufbuild/buf-darwin-x64@1.49.0':
    optional: true

  '@bufbuild/buf-linux-aarch64@1.49.0':
    optional: true

  '@bufbuild/buf-linux-armv7@1.49.0':
    optional: true

  '@bufbuild/buf-linux-x64@1.49.0':
    optional: true

  '@bufbuild/buf-win32-arm64@1.49.0':
    optional: true

  '@bufbuild/buf-win32-x64@1.49.0':
    optional: true

  '@bufbuild/buf@1.49.0':
    optionalDependencies:
      '@bufbuild/buf-darwin-arm64': 1.49.0
      '@bufbuild/buf-darwin-x64': 1.49.0
      '@bufbuild/buf-linux-aarch64': 1.49.0
      '@bufbuild/buf-linux-armv7': 1.49.0
      '@bufbuild/buf-linux-x64': 1.49.0
      '@bufbuild/buf-win32-arm64': 1.49.0
      '@bufbuild/buf-win32-x64': 1.49.0

  '@bufbuild/protobuf@1.10.0': {}

  '@connectrpc/connect-web@1.6.1(@bufbuild/protobuf@1.10.0)(@connectrpc/connect@1.6.1(@bufbuild/protobuf@1.10.0))':
    dependencies:
      '@bufbuild/protobuf': 1.10.0
      '@connectrpc/connect': 1.6.1(@bufbuild/protobuf@1.10.0)

  '@connectrpc/connect@1.6.1(@bufbuild/protobuf@1.10.0)':
    dependencies:
      '@bufbuild/protobuf': 1.10.0

  typescript@5.6.3: {}
