lockfileVersion: '9.0'

settings:
  autoInstallPeers: true
  excludeLinksFromLockfile: false

importers:

  .:
    dependencies:
      '@buf/minekube_gate.connectrpc_es':
        specifier: ^1.6.1-20241118150055-50fffb007499.1
        version: 1.6.1-20241118150055-50fffb007499.1(@bufbuild/protobuf@1.10.0)(@connectrpc/connect@1.6.1(@bufbuild/protobuf@1.10.0))
      '@bufbuild/buf':
        specifier: ^1.47.2
        version: 1.50.0
      '@bufbuild/protobuf':
        specifier: ^1.0.0
        version: 1.10.0
      '@connectrpc/connect':
        specifier: ^1.0.0
        version: 1.6.1(@bufbuild/protobuf@1.10.0)
      '@connectrpc/connect-node':
        specifier: ^1.6.1
        version: 1.6.1(@bufbuild/protobuf@1.10.0)(@connectrpc/connect@1.6.1(@bufbuild/protobuf@1.10.0))
      typescript:
        specifier: ^5.0.0
        version: 5.6.3

packages:

  '@buf/minekube_gate.bufbuild_es@1.10.0-20241118150055-50fffb007499.1':
    resolution: {tarball: https://buf.build/gen/npm/v1/@buf/minekube_gate.bufbuild_es/-/minekube_gate.bufbuild_es-1.10.0-20241118150055-50fffb007499.1.tgz}
    peerDependencies:
      '@bufbuild/protobuf': ^1.10.0

  '@buf/minekube_gate.connectrpc_es@1.6.1-20241118150055-50fffb007499.1':
    resolution: {tarball: https://buf.build/gen/npm/v1/@buf/minekube_gate.connectrpc_es/-/minekube_gate.connectrpc_es-1.6.1-20241118150055-50fffb007499.1.tgz}
    peerDependencies:
      '@connectrpc/connect': ^1.6.1

  '@bufbuild/buf-darwin-arm64@1.50.0':
    resolution: {integrity: sha512-ldj1s0hMhZlz0N4+fqs9jGqC7jKAcsfLNp8kM+G+6XTPh8GWA/U1sYRdHhAlv1+3STfWhGxAhrNGRRVvvimALQ==}
    engines: {node: '>=12'}
    cpu: [arm64]
    os: [darwin]

  '@bufbuild/buf-darwin-x64@1.50.0':
    resolution: {integrity: sha512-0ODFAnDVr0UOIUHGrI3vA3Cycec186BP5PFOuW6bALxBVN52Lqjjj+/+bVhvbBQlYo3rkxOtxEdoWGHZJrHhHA==}
    engines: {node: '>=12'}
    cpu: [x64]
    os: [darwin]

  '@bufbuild/buf-linux-aarch64@1.50.0':
    resolution: {integrity: sha512-Dp0YzLOW7O+C8bAm6/Q2HSrTYpDs2SxQXx+dBNxUotMpzx+uaUvqXb3EGr7s07ro+FsT0sFjzKTBcuCwkj+guQ==}
    engines: {node: '>=12'}
    cpu: [arm64]
    os: [linux]

  '@bufbuild/buf-linux-armv7@1.50.0':
    resolution: {integrity: sha512-EMYRKSJ4kZo+OiHvMTYM+O27lf/okaf+bk1agRUTmBccp+qoGEC0R3DB/powFf/FURkUF7vKUS4T0GC/4n8OVA==}
    engines: {node: '>=12'}
    cpu: [arm]
    os: [linux]

  '@bufbuild/buf-linux-x64@1.50.0':
    resolution: {integrity: sha512-1G6ZQLXYoCXl8ZmCivUuknc6BiMz2bMtfpzYurFhj9wCIQTZsgepTBoiXHTcEdu2fjYAFxRGo4o+ZALU1umY0g==}
    engines: {node: '>=12'}
    cpu: [x64]
    os: [linux]

  '@bufbuild/buf-win32-arm64@1.50.0':
    resolution: {integrity: sha512-KpbI+f0TnGaa4KlPQXCLx8ZWKfO2pMD1kvVjAaktmm9OUoP9HrvZJ11tDEiFEFbrKbapCIhCCC3XWaldEDJWcA==}
    engines: {node: '>=12'}
    cpu: [arm64]
    os: [win32]

  '@bufbuild/buf-win32-x64@1.50.0':
    resolution: {integrity: sha512-gA9aVuZYfh3pmWNYxmnK6thlcqyu2ht8haFhdB0w14Rtj200FAsMmzF7CPWvXQrV5g0pqXPwoMjZigT4OJHOXg==}
    engines: {node: '>=12'}
    cpu: [x64]
    os: [win32]

  '@bufbuild/buf@1.50.0':
    resolution: {integrity: sha512-XcdB5/Ls8k1eVcgNwUsRZEhCqiHgsnN+uEk/aDh0urGeiWc/dN6c89ZnAnI9/v0AZWzp6/rowoZhThlTl+D0bw==}
    engines: {node: '>=12'}
    hasBin: true

  '@bufbuild/protobuf@1.10.0':
    resolution: {integrity: sha512-QDdVFLoN93Zjg36NoQPZfsVH9tZew7wKDKyV5qRdj8ntT4wQCOradQjRaTdwMhWUYsgKsvCINKKm87FdEk96Ag==}

  '@connectrpc/connect-node@1.6.1':
    resolution: {integrity: sha512-DxcD1wsF/aX9GegjAtl7VbpiZNjVJozy87VbaFoN6AF0Ln1Q757r5dgV59Gz0wmlk5f17txUsrEr1f2inlnnAg==}
    engines: {node: '>=16.0.0'}
    peerDependencies:
      '@bufbuild/protobuf': ^1.10.0
      '@connectrpc/connect': 1.6.1

  '@connectrpc/connect@1.6.1':
    resolution: {integrity: sha512-KchMDNtU4CDTdkyf0qG7ugJ6qHTOR/aI7XebYn3OTCNagaDYWiZUVKgRgwH79yeMkpNgvEUaXSK7wKjaBK9b/Q==}
    peerDependencies:
      '@bufbuild/protobuf': ^1.10.0

  '@fastify/busboy@2.1.1':
    resolution: {integrity: sha512-vBZP4NlzfOlerQTnba4aqZoMhE/a9HY7HRqoOPaETQcSQuWEIyZMHGfVu6w9wGtGK5fED5qRs2DteVCjOH60sA==}
    engines: {node: '>=14'}

  typescript@5.6.3:
    resolution: {integrity: sha512-hjcS1mhfuyi4WW8IWtjP7brDrG2cuDZukyrYrSauoXGNgx0S7zceP07adYkJycEr56BOUTNPzbInooiN3fn1qw==}
    engines: {node: '>=14.17'}
    hasBin: true

  undici@5.28.4:
    resolution: {integrity: sha512-72RFADWFqKmUb2hmmvNODKL3p9hcB6Gt2DOQMis1SEBaV6a4MH8soBvzg+95CYhCKPFedut2JY9bMfrDl9D23g==}
    engines: {node: '>=14.0'}

snapshots:

  '@buf/minekube_gate.bufbuild_es@1.10.0-20241118150055-50fffb007499.1(@bufbuild/protobuf@1.10.0)':
    dependencies:
      '@bufbuild/protobuf': 1.10.0

  '@buf/minekube_gate.connectrpc_es@1.6.1-20241118150055-50fffb007499.1(@bufbuild/protobuf@1.10.0)(@connectrpc/connect@1.6.1(@bufbuild/protobuf@1.10.0))':
    dependencies:
      '@buf/minekube_gate.bufbuild_es': 1.10.0-20241118150055-50fffb007499.1(@bufbuild/protobuf@1.10.0)
      '@connectrpc/connect': 1.6.1(@bufbuild/protobuf@1.10.0)
    transitivePeerDependencies:
      - '@bufbuild/protobuf'

  '@bufbuild/buf-darwin-arm64@1.50.0':
    optional: true

  '@bufbuild/buf-darwin-x64@1.50.0':
    optional: true

  '@bufbuild/buf-linux-aarch64@1.50.0':
    optional: true

  '@bufbuild/buf-linux-armv7@1.50.0':
    optional: true

  '@bufbuild/buf-linux-x64@1.50.0':
    optional: true

  '@bufbuild/buf-win32-arm64@1.50.0':
    optional: true

  '@bufbuild/buf-win32-x64@1.50.0':
    optional: true

  '@bufbuild/buf@1.50.0':
    optionalDependencies:
      '@bufbuild/buf-darwin-arm64': 1.50.0
      '@bufbuild/buf-darwin-x64': 1.50.0
      '@bufbuild/buf-linux-aarch64': 1.50.0
      '@bufbuild/buf-linux-armv7': 1.50.0
      '@bufbuild/buf-linux-x64': 1.50.0
      '@bufbuild/buf-win32-arm64': 1.50.0
      '@bufbuild/buf-win32-x64': 1.50.0

  '@bufbuild/protobuf@1.10.0': {}

  '@connectrpc/connect-node@1.6.1(@bufbuild/protobuf@1.10.0)(@connectrpc/connect@1.6.1(@bufbuild/protobuf@1.10.0))':
    dependencies:
      '@bufbuild/protobuf': 1.10.0
      '@connectrpc/connect': 1.6.1(@bufbuild/protobuf@1.10.0)
      undici: 5.28.4

  '@connectrpc/connect@1.6.1(@bufbuild/protobuf@1.10.0)':
    dependencies:
      '@bufbuild/protobuf': 1.10.0

  '@fastify/busboy@2.1.1': {}

  typescript@5.6.3: {}

  undici@5.28.4:
    dependencies:
      '@fastify/busboy': 2.1.1
