lockfileVersion: '9.0'

settings:
  autoInstallPeers: true
  excludeLinksFromLockfile: false

importers:

  .:
    dependencies:
      '@buf/minekube_gate.connectrpc_es':
        specifier: ^1.6.1-20241118150055-50fffb007499.1
        version: 1.6.1-20241120101512-f1a10b5029ce.2(@bufbuild/protobuf@1.10.1)(@connectrpc/connect@1.6.1(@bufbuild/protobuf@1.10.1))
      '@bufbuild/buf':
        specifier: ^1.47.2
        version: 1.53.0
      '@bufbuild/protobuf':
        specifier: ^1.0.0
        version: 1.10.1
      '@connectrpc/connect':
        specifier: ^1.0.0
        version: 1.6.1(@bufbuild/protobuf@1.10.1)
      '@connectrpc/connect-node':
        specifier: ^1.6.1
        version: 1.6.1(@bufbuild/protobuf@1.10.1)(@connectrpc/connect@1.6.1(@bufbuild/protobuf@1.10.1))
      typescript:
        specifier: ^5.0.0
        version: 5.6.3

packages:

  '@buf/minekube_gate.bufbuild_es@1.10.0-20241120101512-f1a10b5029ce.1':
    resolution: {tarball: https://buf.build/gen/npm/v1/@buf/minekube_gate.bufbuild_es/-/minekube_gate.bufbuild_es-1.10.0-20241120101512-f1a10b5029ce.1.tgz}
    peerDependencies:
      '@bufbuild/protobuf': ^1.10.0

  '@buf/minekube_gate.connectrpc_es@1.6.1-20241120101512-f1a10b5029ce.2':
    resolution: {tarball: https://buf.build/gen/npm/v1/@buf/minekube_gate.connectrpc_es/-/minekube_gate.connectrpc_es-1.6.1-20241120101512-f1a10b5029ce.2.tgz}
    peerDependencies:
      '@connectrpc/connect': ^1.6.1

  '@bufbuild/buf-darwin-arm64@1.53.0':
    resolution: {integrity: sha512-UVhqDYu54ciiCMeG6RODlrX5XRvLN6PfsVDqMQG0JwmMKtUi326CbUqsqO7xsQbcEUso3FTBaURir4RixoM88w==}
    engines: {node: '>=12'}
    cpu: [arm64]
    os: [darwin]

  '@bufbuild/buf-darwin-x64@1.53.0':
    resolution: {integrity: sha512-03lKaenjf08HF6DlARPU2lEL2dRxNsU6rb9GbUu+YeLayWy7SUlfeDB8drAZ/GpfSc7SL8TKF7jqRkqxT4wFGA==}
    engines: {node: '>=12'}
    cpu: [x64]
    os: [darwin]

  '@bufbuild/buf-linux-aarch64@1.53.0':
    resolution: {integrity: sha512-FlxrB+rZJG5u7v2JovzXvSR/OdXjVXYHTTLnk6vN/73KPbpGPzZrW7mKxlYyn/Uar5tKDAYvmijjuItXZ6i31g==}
    engines: {node: '>=12'}
    cpu: [arm64]
    os: [linux]

  '@bufbuild/buf-linux-armv7@1.53.0':
    resolution: {integrity: sha512-e9ER+5Os1DPLhr2X1BRPrQpDZWpv5Mkk2PLnmmzh5RL4kOueJKQZj/m1qQr7SQkiPPhS0yMw7EEghsr521FFzQ==}
    engines: {node: '>=12'}
    cpu: [arm]
    os: [linux]

  '@bufbuild/buf-linux-x64@1.53.0':
    resolution: {integrity: sha512-LehyZPbkRgCvIM56uUnCAUD1QSno2wkBZ5HOvjrjOd0GEjfKgw/fsEu13fJR13bGBNOeOUHbHrd59iUSyY6rGA==}
    engines: {node: '>=12'}
    cpu: [x64]
    os: [linux]

  '@bufbuild/buf-win32-arm64@1.53.0':
    resolution: {integrity: sha512-QRNMHYW6v4keoelIwMNZGQw2R67fsS8lEDnYxrFmiRADwZ/ri/XKJjvQfpoE2Bq0xREB0zZ++RX+1DZOkTA/Iw==}
    engines: {node: '>=12'}
    cpu: [arm64]
    os: [win32]

  '@bufbuild/buf-win32-x64@1.53.0':
    resolution: {integrity: sha512-relZlT9gYrZGcEH4dcJhEWrjaHV9drG1PcgW6krqw1AzpQOPxR/loXJ7DycoCAnUhQ9TdsdTfUlVHqiJt98piQ==}
    engines: {node: '>=12'}
    cpu: [x64]
    os: [win32]

  '@bufbuild/buf@1.53.0':
    resolution: {integrity: sha512-GGAztQbbKSv+HaihdDIUpejUcxIx2Fse9SqHfMisJbL/hZ7aOH7BFeSH0q8/g2kSAsLABlenVKeEWKX1uZU3LQ==}
    engines: {node: '>=12'}
    hasBin: true

  '@bufbuild/protobuf@1.10.1':
    resolution: {integrity: sha512-wJ8ReQbHxsAfXhrf9ixl0aYbZorRuOWpBNzm8pL8ftmSxQx/wnJD5Eg861NwJU/czy2VXFIebCeZnZrI9rktIQ==}

  '@connectrpc/connect-node@1.6.1':
    resolution: {integrity: sha512-DxcD1wsF/aX9GegjAtl7VbpiZNjVJozy87VbaFoN6AF0Ln1Q757r5dgV59Gz0wmlk5f17txUsrEr1f2inlnnAg==}
    engines: {node: '>=16.0.0'}
    peerDependencies:
      '@bufbuild/protobuf': ^1.10.0
      '@connectrpc/connect': 1.6.1

  '@connectrpc/connect@1.6.1':
    resolution: {integrity: sha512-KchMDNtU4CDTdkyf0qG7ugJ6qHTOR/aI7XebYn3OTCNagaDYWiZUVKgRgwH79yeMkpNgvEUaXSK7wKjaBK9b/Q==}
    peerDependencies:
      '@bufbuild/protobuf': ^1.10.0

  '@fastify/busboy@2.1.1':
    resolution: {integrity: sha512-vBZP4NlzfOlerQTnba4aqZoMhE/a9HY7HRqoOPaETQcSQuWEIyZMHGfVu6w9wGtGK5fED5qRs2DteVCjOH60sA==}
    engines: {node: '>=14'}

  typescript@5.6.3:
    resolution: {integrity: sha512-hjcS1mhfuyi4WW8IWtjP7brDrG2cuDZukyrYrSauoXGNgx0S7zceP07adYkJycEr56BOUTNPzbInooiN3fn1qw==}
    engines: {node: '>=14.17'}
    hasBin: true

  undici@5.28.4:
    resolution: {integrity: sha512-72RFADWFqKmUb2hmmvNODKL3p9hcB6Gt2DOQMis1SEBaV6a4MH8soBvzg+95CYhCKPFedut2JY9bMfrDl9D23g==}
    engines: {node: '>=14.0'}

snapshots:

  '@buf/minekube_gate.bufbuild_es@1.10.0-20241120101512-f1a10b5029ce.1(@bufbuild/protobuf@1.10.1)':
    dependencies:
      '@bufbuild/protobuf': 1.10.1

  '@buf/minekube_gate.connectrpc_es@1.6.1-20241120101512-f1a10b5029ce.2(@bufbuild/protobuf@1.10.1)(@connectrpc/connect@1.6.1(@bufbuild/protobuf@1.10.1))':
    dependencies:
      '@buf/minekube_gate.bufbuild_es': 1.10.0-20241120101512-f1a10b5029ce.1(@bufbuild/protobuf@1.10.1)
      '@connectrpc/connect': 1.6.1(@bufbuild/protobuf@1.10.1)
    transitivePeerDependencies:
      - '@bufbuild/protobuf'

  '@bufbuild/buf-darwin-arm64@1.53.0':
    optional: true

  '@bufbuild/buf-darwin-x64@1.53.0':
    optional: true

  '@bufbuild/buf-linux-aarch64@1.53.0':
    optional: true

  '@bufbuild/buf-linux-armv7@1.53.0':
    optional: true

  '@bufbuild/buf-linux-x64@1.53.0':
    optional: true

  '@bufbuild/buf-win32-arm64@1.53.0':
    optional: true

  '@bufbuild/buf-win32-x64@1.53.0':
    optional: true

  '@bufbuild/buf@1.53.0':
    optionalDependencies:
      '@bufbuild/buf-darwin-arm64': 1.53.0
      '@bufbuild/buf-darwin-x64': 1.53.0
      '@bufbuild/buf-linux-aarch64': 1.53.0
      '@bufbuild/buf-linux-armv7': 1.53.0
      '@bufbuild/buf-linux-x64': 1.53.0
      '@bufbuild/buf-win32-arm64': 1.53.0
      '@bufbuild/buf-win32-x64': 1.53.0

  '@bufbuild/protobuf@1.10.1': {}

  '@connectrpc/connect-node@1.6.1(@bufbuild/protobuf@1.10.1)(@connectrpc/connect@1.6.1(@bufbuild/protobuf@1.10.1))':
    dependencies:
      '@bufbuild/protobuf': 1.10.1
      '@connectrpc/connect': 1.6.1(@bufbuild/protobuf@1.10.1)
      undici: 5.28.4

  '@connectrpc/connect@1.6.1(@bufbuild/protobuf@1.10.1)':
    dependencies:
      '@bufbuild/protobuf': 1.10.1

  '@fastify/busboy@2.1.1': {}

  typescript@5.6.3: {}

  undici@5.28.4:
    dependencies:
      '@fastify/busboy': 2.1.1
