lockfileVersion: '9.0'

settings:
  autoInstallPeers: true
  excludeLinksFromLockfile: false

importers:

  .:
    dependencies:
      '@buf/minekube_gate.connectrpc_es':
        specifier: ^1.6.1-20241118150055-50fffb007499.1
        version: 1.6.1-20241120101512-f1a10b5029ce.2(@bufbuild/protobuf@1.10.1)(@connectrpc/connect@1.7.0(@bufbuild/protobuf@1.10.1))
      '@bufbuild/buf':
        specifier: ^1.47.2
        version: 1.63.0
      '@bufbuild/protobuf':
        specifier: ^1.0.0
        version: 1.10.1
      '@connectrpc/connect':
        specifier: ^1.0.0
        version: 1.7.0(@bufbuild/protobuf@1.10.1)
      '@connectrpc/connect-node':
        specifier: ^1.6.1
        version: 1.7.0(@bufbuild/protobuf@1.10.1)(@connectrpc/connect@1.7.0(@bufbuild/protobuf@1.10.1))
      typescript:
        specifier: ^5.0.0
        version: 5.6.3

packages:

  '@buf/minekube_gate.bufbuild_es@1.10.0-20241120101512-f1a10b5029ce.1':
    resolution: {tarball: https://buf.build/gen/npm/v1/@buf/minekube_gate.bufbuild_es/-/minekube_gate.bufbuild_es-1.10.0-20241120101512-f1a10b5029ce.1.tgz}
    peerDependencies:
      '@bufbuild/protobuf': ^1.10.0

  '@buf/minekube_gate.connectrpc_es@1.6.1-20241120101512-f1a10b5029ce.2':
    resolution: {tarball: https://buf.build/gen/npm/v1/@buf/minekube_gate.connectrpc_es/-/minekube_gate.connectrpc_es-1.6.1-20241120101512-f1a10b5029ce.2.tgz}
    peerDependencies:
      '@connectrpc/connect': ^1.6.1

  '@bufbuild/buf-darwin-arm64@1.63.0':
    resolution: {integrity: sha512-Jpbz2mnNO+23E3TmDgLdbYuF+ozqsKu/ASvD37RjDgp9HtqQT+ciJMYOzqd/HdrGiM9tWYN1vhjl/gP/Y23lIw==}
    engines: {node: '>=12'}
    cpu: [arm64]
    os: [darwin]

  '@bufbuild/buf-darwin-x64@1.63.0':
    resolution: {integrity: sha512-HkVMm2cOBnTtT+AZFAQAUyrwcXtnvaBtVCW0ltBi5PzLp6CNgmkH97OAROKWiNPWrXJh5thdhdZBNjGPyTfX3w==}
    engines: {node: '>=12'}
    cpu: [x64]
    os: [darwin]

  '@bufbuild/buf-linux-aarch64@1.63.0':
    resolution: {integrity: sha512-vFeFKzC+PZSngct0bP3ASGCus7qhBPFxSfz6Hi+3a2zAajn857iJC3iPiX0tRlRIUTOHuj5NmOYxg9dhev0vDw==}
    engines: {node: '>=12'}
    cpu: [arm64]
    os: [linux]

  '@bufbuild/buf-linux-armv7@1.63.0':
    resolution: {integrity: sha512-XbrRiOfeY3d/GmR+WNnkcDo480V+cz/ecfj/Ay/JO/ZLe7quEQqHmJ6dMcIQN8QNFPZBKv0IVyhhljh8+0/gkA==}
    engines: {node: '>=12'}
    cpu: [arm]
    os: [linux]

  '@bufbuild/buf-linux-x64@1.63.0':
    resolution: {integrity: sha512-78TsMWxQ7Rn4FJPN4QZZDM3NTS1U5ZCcwLYJmwOLJbHyfYnFiC1e91yL6sVfYrWXF1Pt9xJZU50yhmJZ+9AtmA==}
    engines: {node: '>=12'}
    cpu: [x64]
    os: [linux]

  '@bufbuild/buf-win32-arm64@1.63.0':
    resolution: {integrity: sha512-sMZ63kK+MuxZVBFAh95Woly9QmeApohgQoWvO9ZppTzNXya7Kznz5lqa0B7f3zfDxgy2/DmOXILOMn3n8GoAww==}
    engines: {node: '>=12'}
    cpu: [arm64]
    os: [win32]

  '@bufbuild/buf-win32-x64@1.63.0':
    resolution: {integrity: sha512-ooY4o3XPpvJ6BEOWB18pc52beeB9NdRRHMINuZ1oef3HNsFqtbv7DrPX9vm/mmOkzbTQDa8m7M8bjWjBO9ynkg==}
    engines: {node: '>=12'}
    cpu: [x64]
    os: [win32]

  '@bufbuild/buf@1.63.0':
    resolution: {integrity: sha512-SvYWiCs9J8tX8qIh1haNJEwM0MmyauSFDDksHL4wtPjeXcEj+SMvWudIn8KdWoiFbNDY98phn4sqZQ4F6uViPQ==}
    engines: {node: '>=12'}
    hasBin: true

  '@bufbuild/protobuf@1.10.1':
    resolution: {integrity: sha512-wJ8ReQbHxsAfXhrf9ixl0aYbZorRuOWpBNzm8pL8ftmSxQx/wnJD5Eg861NwJU/czy2VXFIebCeZnZrI9rktIQ==}

  '@connectrpc/connect-node@1.7.0':
    resolution: {integrity: sha512-6vaPIkG/NyhxlYgytLoR9KYbPhczEboFB2OYWkA9qvUz1K7efXfeGrlRxoLtpa+r8VxyIOw73w5ktNe743nD+A==}
    engines: {node: '>=16.0.0'}
    peerDependencies:
      '@bufbuild/protobuf': ^1.10.0
      '@connectrpc/connect': 1.7.0

  '@connectrpc/connect@1.7.0':
    resolution: {integrity: sha512-iNKdJRi69YP3mq6AePRT8F/HrxWCewrhxnLMNm0vpqXAR8biwzRtO6Hjx80C6UvtKJ5sFmffQT7I4Baecz389w==}
    peerDependencies:
      '@bufbuild/protobuf': ^1.10.0

  '@fastify/busboy@2.1.1':
    resolution: {integrity: sha512-vBZP4NlzfOlerQTnba4aqZoMhE/a9HY7HRqoOPaETQcSQuWEIyZMHGfVu6w9wGtGK5fED5qRs2DteVCjOH60sA==}
    engines: {node: '>=14'}

  typescript@5.6.3:
    resolution: {integrity: sha512-hjcS1mhfuyi4WW8IWtjP7brDrG2cuDZukyrYrSauoXGNgx0S7zceP07adYkJycEr56BOUTNPzbInooiN3fn1qw==}
    engines: {node: '>=14.17'}
    hasBin: true

  undici@5.29.0:
    resolution: {integrity: sha512-raqeBD6NQK4SkWhQzeYKd1KmIG6dllBOTt55Rmkt4HtI9mwdWtJljnrXjAFUBLTSN67HWrOIZ3EPF4kjUw80Bg==}
    engines: {node: '>=14.0'}

snapshots:

  '@buf/minekube_gate.bufbuild_es@1.10.0-20241120101512-f1a10b5029ce.1(@bufbuild/protobuf@1.10.1)':
    dependencies:
      '@bufbuild/protobuf': 1.10.1

  '@buf/minekube_gate.connectrpc_es@1.6.1-20241120101512-f1a10b5029ce.2(@bufbuild/protobuf@1.10.1)(@connectrpc/connect@1.7.0(@bufbuild/protobuf@1.10.1))':
    dependencies:
      '@buf/minekube_gate.bufbuild_es': 1.10.0-20241120101512-f1a10b5029ce.1(@bufbuild/protobuf@1.10.1)
      '@connectrpc/connect': 1.7.0(@bufbuild/protobuf@1.10.1)
    transitivePeerDependencies:
      - '@bufbuild/protobuf'

  '@bufbuild/buf-darwin-arm64@1.63.0':
    optional: true

  '@bufbuild/buf-darwin-x64@1.63.0':
    optional: true

  '@bufbuild/buf-linux-aarch64@1.63.0':
    optional: true

  '@bufbuild/buf-linux-armv7@1.63.0':
    optional: true

  '@bufbuild/buf-linux-x64@1.63.0':
    optional: true

  '@bufbuild/buf-win32-arm64@1.63.0':
    optional: true

  '@bufbuild/buf-win32-x64@1.63.0':
    optional: true

  '@bufbuild/buf@1.63.0':
    optionalDependencies:
      '@bufbuild/buf-darwin-arm64': 1.63.0
      '@bufbuild/buf-darwin-x64': 1.63.0
      '@bufbuild/buf-linux-aarch64': 1.63.0
      '@bufbuild/buf-linux-armv7': 1.63.0
      '@bufbuild/buf-linux-x64': 1.63.0
      '@bufbuild/buf-win32-arm64': 1.63.0
      '@bufbuild/buf-win32-x64': 1.63.0

  '@bufbuild/protobuf@1.10.1': {}

  '@connectrpc/connect-node@1.7.0(@bufbuild/protobuf@1.10.1)(@connectrpc/connect@1.7.0(@bufbuild/protobuf@1.10.1))':
    dependencies:
      '@bufbuild/protobuf': 1.10.1
      '@connectrpc/connect': 1.7.0(@bufbuild/protobuf@1.10.1)
      undici: 5.29.0

  '@connectrpc/connect@1.7.0(@bufbuild/protobuf@1.10.1)':
    dependencies:
      '@bufbuild/protobuf': 1.10.1

  '@fastify/busboy@2.1.1': {}

  typescript@5.6.3: {}

  undici@5.29.0:
    dependencies:
      '@fastify/busboy': 2.1.1
